// !$*UTF8*$!
{
	archiveVersion = 1;
	classes = {
	};
	objectVersion = 55;
	objects = {

/* Begin PBXBuildFile section */
		2193CD1B2840E839001BE2CB /* ItemModel.swift in Sources */ = {isa = PBXBuildFile; fileRef = 2193CD1A2840E839001BE2CB /* ItemModel.swift */; };
		2193CD2028438B67001BE2CB /* ListViewModel.swift in Sources */ = {isa = PBXBuildFile; fileRef = 2193CD1F28438B67001BE2CB /* ListViewModel.swift */; };
		21A71D242844BA6F00D5576F /* NoitemView.swift in Sources */ = {isa = PBXBuildFile; fileRef = 21A71D232844BA6F00D5576F /* NoitemView.swift */; };
		21BC9FF1283E4C79000D5DA2 /* TodoList_MVVMApp.swift in Sources */ = {isa = PBXBuildFile; fileRef = 21BC9FF0283E4C79000D5DA2 /* TodoList_MVVMApp.swift */; };
		21BC9FF5283E4C7C000D5DA2 /* Assets.xcassets in Resources */ = {isa = PBXBuildFile; fileRef = 21BC9FF4283E4C7C000D5DA2 /* Assets.xcassets */; };
		21BC9FF8283E4C7C000D5DA2 /* Preview Assets.xcassets in Resources */ = {isa = PBXBuildFile; fileRef = 21BC9FF7283E4C7C000D5DA2 /* Preview Assets.xcassets */; };
		21BCA000283E53CE000D5DA2 /* ListView.swift in Sources */ = {isa = PBXBuildFile; fileRef = 21BC9FFF283E53CE000D5DA2 /* ListView.swift */; };
		21D22070283E56E9003E93FF /* ListRowView.swift in Sources */ = {isa = PBXBuildFile; fileRef = 21D2206F283E56E9003E93FF /* ListRowView.swift */; };
		21D22072283E591C003E93FF /* AddView.swift in Sources */ = {isa = PBXBuildFile; fileRef = 21D22071283E591C003E93FF /* AddView.swift */; };
/* End PBXBuildFile section */

/* Begin PBXFileReference section */
		2193CD1A2840E839001BE2CB /* ItemModel.swift */ = {isa = PBXFileReference; lastKnownFileType = sourcecode.swift; path = ItemModel.swift; sourceTree = "<group>"; };
		2193CD1F28438B67001BE2CB /* ListViewModel.swift */ = {isa = PBXFileReference; lastKnownFileType = sourcecode.swift; path = ListViewModel.swift; sourceTree = "<group>"; };
		21A71D232844BA6F00D5576F /* NoitemView.swift */ = {isa = PBXFileReference; lastKnownFileType = sourcecode.swift; path = NoitemView.swift; sourceTree = "<group>"; };
		21BC9FED283E4C79000D5DA2 /* TodoList_MVVM.app */ = {isa = PBXFileReference; explicitFileType = wrapper.application; includeInIndex = 0; path = TodoList_MVVM.app; sourceTree = BUILT_PRODUCTS_DIR; };
		21BC9FF0283E4C79000D5DA2 /* TodoList_MVVMApp.swift */ = {isa = PBXFileReference; lastKnownFileType = sourcecode.swift; path = TodoList_MVVMApp.swift; sourceTree = "<group>"; };
		21BC9FF4283E4C7C000D5DA2 /* Assets.xcassets */ = {isa = PBXFileReference; lastKnownFileType = folder.assetcatalog; path = Assets.xcassets; sourceTree = "<group>"; };
		21BC9FF7283E4C7C000D5DA2 /* Preview Assets.xcassets */ = {isa = PBXFileReference; lastKnownFileType = folder.assetcatalog; path = "Preview Assets.xcassets"; sourceTree = "<group>"; };
		21BC9FFF283E53CE000D5DA2 /* ListView.swift */ = {isa = PBXFileReference; lastKnownFileType = sourcecode.swift; path = ListView.swift; sourceTree = "<group>"; };
		21D2206F283E56E9003E93FF /* ListRowView.swift */ = {isa = PBXFileReference; lastKnownFileType = sourcecode.swift; path = ListRowView.swift; sourceTree = "<group>"; };
		21D22071283E591C003E93FF /* AddView.swift */ = {isa = PBXFileReference; lastKnownFileType = sourcecode.swift; path = AddView.swift; sourceTree = "<group>"; };
/* End PBXFileReference section */

/* Begin PBXFrameworksBuildPhase section */
		21BC9FEA283E4C79000D5DA2 /* Frameworks */ = {
			isa = PBXFrameworksBuildPhase;
			buildActionMask = 2147483647;
			files = (
			);
			runOnlyForDeploymentPostprocessing = 0;
		};
/* End PBXFrameworksBuildPhase section */

/* Begin PBXGroup section */
		2193CD192840E817001BE2CB /* Models */ = {
			isa = PBXGroup;
			children = (
				2193CD1A2840E839001BE2CB /* ItemModel.swift */,
			);
			path = Models;
			sourceTree = "<group>";
		};
		2193CD1C28438B2D001BE2CB /* ViewModels */ = {
			isa = PBXGroup;
			children = (
				2193CD1F28438B67001BE2CB /* ListViewModel.swift */,
			);
			path = ViewModels;
			sourceTree = "<group>";
		};
		21BC9FE4283E4C79000D5DA2 = {
			isa = PBXGroup;
			children = (
				21BC9FEF283E4C79000D5DA2 /* TodoList_MVVM */,
				21BC9FEE283E4C79000D5DA2 /* Products */,
			);
			sourceTree = "<group>";
		};
		21BC9FEE283E4C79000D5DA2 /* Products */ = {
			isa = PBXGroup;
			children = (
				21BC9FED283E4C79000D5DA2 /* TodoList_MVVM.app */,
			);
			name = Products;
			sourceTree = "<group>";
		};
		21BC9FEF283E4C79000D5DA2 /* TodoList_MVVM */ = {
			isa = PBXGroup;
			children = (
				21BC9FF0283E4C79000D5DA2 /* TodoList_MVVMApp.swift */,
				2193CD192840E817001BE2CB /* Models */,
				2193CD1C28438B2D001BE2CB /* ViewModels */,
				21BC9FFE283E5393000D5DA2 /* Views */,
				21BC9FF4283E4C7C000D5DA2 /* Assets.xcassets */,
				21BC9FF6283E4C7C000D5DA2 /* Preview Content */,
			);
			path = TodoList_MVVM;
			sourceTree = "<group>";
		};
		21BC9FF6283E4C7C000D5DA2 /* Preview Content */ = {
			isa = PBXGroup;
			children = (
				21BC9FF7283E4C7C000D5DA2 /* Preview Assets.xcassets */,
			);
			path = "Preview Content";
			sourceTree = "<group>";
		};
		21BC9FFE283E5393000D5DA2 /* Views */ = {
			isa = PBXGroup;
			children = (
				21BC9FFF283E53CE000D5DA2 /* ListView.swift */,
				21D2206F283E56E9003E93FF /* ListRowView.swift */,
				21D22071283E591C003E93FF /* AddView.swift */,
				21A71D232844BA6F00D5576F /* NoitemView.swift */,
			);
			path = Views;
			sourceTree = "<group>";
		};
/* End PBXGroup section */

/* Begin PBXNativeTarget section */
		21BC9FEC283E4C79000D5DA2 /* TodoList_MVVM */ = {
			isa = PBXNativeTarget;
			buildConfigurationList = 21BC9FFB283E4C7C000D5DA2 /* Build configuration list for PBXNativeTarget "TodoList_MVVM" */;
			buildPhases = (
				21BC9FE9283E4C79000D5DA2 /* Sources */,
				21BC9FEA283E4C79000D5DA2 /* Frameworks */,
				21BC9FEB283E4C79000D5DA2 /* Resources */,
			);
			buildRules = (
			);
			dependencies = (
			);
			name = TodoList_MVVM;
			productName = TodoList_MVVM;
			productReference = 21BC9FED283E4C79000D5DA2 /* TodoList_MVVM.app */;
			productType = "com.apple.product-type.application";
		};
/* End PBXNativeTarget section */

/* Begin PBXProject section */
		21BC9FE5283E4C79000D5DA2 /* Project object */ = {
			isa = PBXProject;
			attributes = {
				BuildIndependentTargetsInParallel = 1;
				LastSwiftUpdateCheck = 1330;
				LastUpgradeCheck = 1330;
				TargetAttributes = {
					21BC9FEC283E4C79000D5DA2 = {
						CreatedOnToolsVersion = 13.3.1;
					};
				};
			};
			buildConfigurationList = 21BC9FE8283E4C79000D5DA2 /* Build configuration list for PBXProject "TodoList_MVVM" */;
			compatibilityVersion = "Xcode 13.0";
			developmentRegion = en;
			hasScannedForEncodings = 0;
			knownRegions = (
				en,
				Base,
			);
			mainGroup = 21BC9FE4283E4C79000D5DA2;
			productRefGroup = 21BC9FEE283E4C79000D5DA2 /* Products */;
			projectDirPath = "";
			projectRoot = "";
			targets = (
				21BC9FEC283E4C79000D5DA2 /* TodoList_MVVM */,
			);
		};
/* End PBXProject section */

/* Begin PBXResourcesBuildPhase section */
		21BC9FEB283E4C79000D5DA2 /* Resources */ = {
			isa = PBXResourcesBuildPhase;
			buildActionMask = 2147483647;
			files = (
				21BC9FF8283E4C7C000D5DA2 /* Preview Assets.xcassets in Resources */,
				21BC9FF5283E4C7C000D5DA2 /* Assets.xcassets in Resources */,
			);
			runOnlyForDeploymentPostprocessing = 0;
		};
/* End PBXResourcesBuildPhase section */

/* Begin PBXSourcesBuildPhase section */
		21BC9FE9283E4C79000D5DA2 /* Sources */ = {
			isa = PBXSourcesBuildPhase;
			buildActionMask = 2147483647;
			files = (
				2193CD1B2840E839001BE2CB /* ItemModel.swift in Sources */,
				21D22072283E591C003E93FF /* AddView.swift in Sources */,
				2193CD2028438B67001BE2CB /* ListViewModel.swift in Sources */,
				21A71D242844BA6F00D5576F /* NoitemView.swift in Sources */,
				21BC9FF1283E4C79000D5DA2 /* TodoList_MVVMApp.swift in Sources */,
				21BCA000283E53CE000D5DA2 /* ListView.swift in Sources */,
				21D22070283E56E9003E93FF /* ListRowView.swift in Sources */,
			);
			runOnlyForDeploymentPostprocessing = 0;
		};
/* End PBXSourcesBuildPhase section */

/* Begin XCBuildConfiguration section */
		21BC9FF9283E4C7C000D5DA2 /* Debug */ = {
			isa = XCBuildConfiguration;
			buildSettings = {
				ALWAYS_SEARCH_USER_PATHS = NO;
				CLANG_ANALYZER_NONNULL = YES;
				CLANG_ANALYZER_NUMBER_OBJECT_CONVERSION = YES_AGGRESSIVE;
				CLANG_CXX_LANGUAGE_STANDARD = "gnu++17";
				CLANG_ENABLE_MODULES = YES;
				CLANG_ENABLE_OBJC_ARC = YES;
				CLANG_ENABLE_OBJC_WEAK = YES;
				CLANG_WARN_BLOCK_CAPTURE_AUTORELEASING = YES;
				CLANG_WARN_BOOL_CONVERSION = YES;
				CLANG_WARN_COMMA = YES;
				CLANG_WARN_CONSTANT_CONVERSION = YES;
				CLANG_WARN_DEPRECATED_OBJC_IMPLEMENTATIONS = YES;
				CLANG_WARN_DIRECT_OBJC_ISA_USAGE = YES_ERROR;
				CLANG_WARN_DOCUMENTATION_COMMENTS = YES;
				CLANG_WARN_EMPTY_BODY = YES;
				CLANG_WARN_ENUM_CONVERSION = YES;
				CLANG_WARN_INFINITE_RECURSION = YES;
				CLANG_WARN_INT_CONVERSION = YES;
				CLANG_WARN_NON_LITERAL_NULL_CONVERSION = YES;
				CLANG_WARN_OBJC_IMPLICIT_RETAIN_SELF = YES;
				CLANG_WARN_OBJC_LITERAL_CONVERSION = YES;
				CLANG_WARN_OBJC_ROOT_CLASS = YES_ERROR;
				CLANG_WARN_QUOTED_INCLUDE_IN_FRAMEWORK_HEADER = YES;
				CLANG_WARN_RANGE_LOOP_ANALYSIS = YES;
				CLANG_WARN_STRICT_PROTOTYPES = YES;
				CLANG_WARN_SUSPICIOUS_MOVE = YES;
				CLANG_WARN_UNGUARDED_AVAILABILITY = YES_AGGRESSIVE;
				CLANG_WARN_UNREACHABLE_CODE = YES;
				CLANG_WARN__DUPLICATE_METHOD_MATCH = YES;
				COPY_PHASE_STRIP = NO;
				DEBUG_INFORMATION_FORMAT = dwarf;
				ENABLE_STRICT_OBJC_MSGSEND = YES;
				ENABLE_TESTABILITY = YES;
				GCC_C_LANGUAGE_STANDARD = gnu11;
				GCC_DYNAMIC_NO_PIC = NO;
				GCC_NO_COMMON_BLOCKS = YES;
				GCC_OPTIMIZATION_LEVEL = 0;
				GCC_PREPROCESSOR_DEFINITIONS = (
					"DEBUG=1",
					"$(inherited)",
				);
				GCC_WARN_64_TO_32_BIT_CONVERSION = YES;
				GCC_WARN_ABOUT_RETURN_TYPE = YES_ERROR;
				GCC_WARN_UNDECLARED_SELECTOR = YES;
				GCC_WARN_UNINITIALIZED_AUTOS = YES_AGGRESSIVE;
				GCC_WARN_UNUSED_FUNCTION = YES;
				GCC_WARN_UNUSED_VARIABLE = YES;
				IPHONEOS_DEPLOYMENT_TARGET = 15.4;
				MTL_ENABLE_DEBUG_INFO = INCLUDE_SOURCE;
				MTL_FAST_MATH = YES;
				ONLY_ACTIVE_ARCH = YES;
				SDKROOT = iphoneos;
				SWIFT_ACTIVE_COMPILATION_CONDITIONS = DEBUG;
				SWIFT_OPTIMIZATION_LEVEL = "-Onone";
			};
			name = Debug;
		};
		21BC9FFA283E4C7C000D5DA2 /* Release */ = {
			isa = XCBuildConfiguration;
			buildSettings = {
				ALWAYS_SEARCH_USER_PATHS = NO;
				CLANG_ANALYZER_NONNULL = YES;
				CLANG_ANALYZER_NUMBER_OBJECT_CONVERSION = YES_AGGRESSIVE;
				CLANG_CXX_LANGUAGE_STANDARD = "gnu++17";
				CLANG_ENABLE_MODULES = YES;
				CLANG_ENABLE_OBJC_ARC = YES;
				CLANG_ENABLE_OBJC_WEAK = YES;
				CLANG_WARN_BLOCK_CAPTURE_AUTORELEASING = YES;
				CLANG_WARN_BOOL_CONVERSION = YES;
				CLANG_WARN_COMMA = YES;
				CLANG_WARN_CONSTANT_CONVERSION = YES;
				CLANG_WARN_DEPRECATED_OBJC_IMPLEMENTATIONS = YES;
				CLANG_WARN_DIRECT_OBJC_ISA_USAGE = YES_ERROR;
				CLANG_WARN_DOCUMENTATION_COMMENTS = YES;
				CLANG_WARN_EMPTY_BODY = YES;
				CLANG_WARN_ENUM_CONVERSION = YES;
				CLANG_WARN_INFINITE_RECURSION = YES;
				CLANG_WARN_INT_CONVERSION = YES;
				CLANG_WARN_NON_LITERAL_NULL_CONVERSION = YES;
				CLANG_WARN_OBJC_IMPLICIT_RETAIN_SELF = YES;
				CLANG_WARN_OBJC_LITERAL_CONVERSION = YES;
				CLANG_WARN_OBJC_ROOT_CLASS = YES_ERROR;
				CLANG_WARN_QUOTED_INCLUDE_IN_FRAMEWORK_HEADER = YES;
				CLANG_WARN_RANGE_LOOP_ANALYSIS = YES;
				CLANG_WARN_STRICT_PROTOTYPES = YES;
				CLANG_WARN_SUSPICIOUS_MOVE = YES;
				CLANG_WARN_UNGUARDED_AVAILABILITY = YES_AGGRESSIVE;
				CLANG_WARN_UNREACHABLE_CODE = YES;
				CLANG_WARN__DUPLICATE_METHOD_MATCH = YES;
				COPY_PHASE_STRIP = NO;
				DEBUG_INFORMATION_FORMAT = "dwarf-with-dsym";
				ENABLE_NS_ASSERTIONS = NO;
				ENABLE_STRICT_OBJC_MSGSEND = YES;
				GCC_C_LANGUAGE_STANDARD = gnu11;
				GCC_NO_COMMON_BLOCKS = YES;
				GCC_WARN_64_TO_32_BIT_CONVERSION = YES;
				GCC_WARN_ABOUT_RETURN_TYPE = YES_ERROR;
				GCC_WARN_UNDECLARED_SELECTOR = YES;
				GCC_WARN_UNINITIALIZED_AUTOS = YES_AGGRESSIVE;
				GCC_WARN_UNUSED_FUNCTION = YES;
				GCC_WARN_UNUSED_VARIABLE = YES;
				IPHONEOS_DEPLOYMENT_TARGET = 15.4;
				MTL_ENABLE_DEBUG_INFO = NO;
				MTL_FAST_MATH = YES;
				SDKROOT = iphoneos;
				SWIFT_COMPILATION_MODE = wholemodule;
				SWIFT_OPTIMIZATION_LEVEL = "-O";
				VALIDATE_PRODUCT = YES;
			};
			name = Release;
		};
		21BC9FFC283E4C7C000D5DA2 /* Debug */ = {
			isa = XCBuildConfiguration;
			buildSettings = {
				ASSETCATALOG_COMPILER_APPICON_NAME = AppIcon;
				ASSETCATALOG_COMPILER_GLOBAL_ACCENT_COLOR_NAME = AccentColor;
				CODE_SIGN_STYLE = Automatic;
				CURRENT_PROJECT_VERSION = 1;
				DEVELOPMENT_ASSET_PATHS = "\"TodoList_MVVM/Preview Content\"";
				DEVELOPMENT_TEAM = TJ5B4TF24Y;
				ENABLE_PREVIEWS = YES;
				GENERATE_INFOPLIST_FILE = YES;
				INFOPLIST_KEY_UIApplicationSceneManifest_Generation = YES;
				INFOPLIST_KEY_UIApplicationSupportsIndirectInputEvents = YES;
				INFOPLIST_KEY_UILaunchScreen_Generation = YES;
				INFOPLIST_KEY_UISupportedInterfaceOrientations_iPad = "UIInterfaceOrientationPortrait UIInterfaceOrientationPortraitUpsideDown UIInterfaceOrientationLandscapeLeft UIInterfaceOrientationLandscapeRight";
				INFOPLIST_KEY_UISupportedInterfaceOrientations_iPhone = "UIInterfaceOrientationPortrait UIInterfaceOrientationLandscapeLeft UIInterfaceOrientationLandscapeRight";
				LD_RUNPATH_SEARCH_PATHS = (
					"$(inherited)",
					"@executable_path/Frameworks",
				);
				MARKETING_VERSION = 1.0;
				PRODUCT_BUNDLE_IDENTIFIER = "andy.TodoList-MVVM";
				PRODUCT_NAME = "$(TARGET_NAME)";
				SWIFT_EMIT_LOC_STRINGS = YES;
				SWIFT_VERSION = 5.0;
				TARGETED_DEVICE_FAMILY = "1,2";
			};
			name = Debug;
		};
		21BC9FFD283E4C7C000D5DA2 /* Release */ = {
			isa = XCBuildConfiguration;
			buildSettings = {
				ASSETCATALOG_COMPILER_APPICON_NAME = AppIcon;
				ASSETCATALOG_COMPILER_GLOBAL_ACCENT_COLOR_NAME = AccentColor;
				CODE_SIGN_STYLE = Automatic;
				CURRENT_PROJECT_VERSION = 1;
				DEVELOPMENT_ASSET_PATHS = "\"TodoList_MVVM/Preview Content\"";
				DEVELOPMENT_TEAM = TJ5B4TF24Y;
				ENABLE_PREVIEWS = YES;
				GENERATE_INFOPLIST_FILE = YES;
				INFOPLIST_KEY_UIApplicationSceneManifest_Generation = YES;
				INFOPLIST_KEY_UIApplicationSupportsIndirectInputEvents = YES;
				INFOPLIST_KEY_UILaunchScreen_Generation = YES;
				INFOPLIST_KEY_UISupportedInterfaceOrientations_iPad = "UIInterfaceOrientationPortrait UIInterfaceOrientationPortraitUpsideDown UIInterfaceOrientationLandscapeLeft UIInterfaceOrientationLandscapeRight";
				INFOPLIST_KEY_UISupportedInterfaceOrientations_iPhone = "UIInterfaceOrientationPortrait UIInterfaceOrientationLandscapeLeft UIInterfaceOrientationLandscapeRight";
				LD_RUNPATH_SEARCH_PATHS = (
					"$(inherited)",
					"@executable_path/Frameworks",
				);
				MARKETING_VERSION = 1.0;
				PRODUCT_BUNDLE_IDENTIFIER = "andy.TodoList-MVVM";
				PRODUCT_NAME = "$(TARGET_NAME)";
				SWIFT_EMIT_LOC_STRINGS = YES;
				SWIFT_VERSION = 5.0;
				TARGETED_DEVICE_FAMILY = "1,2";
			};
			name = Release;
		};
/* End XCBuildConfiguration section */

/* Begin XCConfigurationList section */
		21BC9FE8283E4C79000D5DA2 /* Build configuration list for PBXProject "TodoList_MVVM" */ = {
			isa = XCConfigurationList;
			buildConfigurations = (
				21BC9FF9283E4C7C000D5DA2 /* Debug */,
				21BC9FFA283E4C7C000D5DA2 /* Release */,
			);
			defaultConfigurationIsVisible = 0;
			defaultConfigurationName = Release;
		};
		21BC9FFB283E4C7C000D5DA2 /* Build configuration list for PBXNativeTarget "TodoList_MVVM" */ = {
			isa = XCConfigurationList;
			buildConfigurations = (
				21BC9FFC283E4C7C000D5DA2 /* Debug */,
				21BC9FFD283E4C7C000D5DA2 /* Release */,
			);
			defaultConfigurationIsVisible = 0;
			defaultConfigurationName = Release;
		};
/* End XCConfigurationList section */
	};
	rootObject = 21BC9FE5283E4C79000D5DA2 /* Project object */;
}
